{
  "name": "draft-order-orderitems",
  "version": "1.0.0",
  "lockfileVersion": 1,
  "requires": true,
  "dependencies": {
    "@sap/ux-specification": {
      "version": "1.84.10",
      "resolved": "https://registry.npmjs.org/@sap/ux-specification/-/ux-specification-1.84.10.tgz",
      "integrity": "sha512-Ht5W+AWJ+o3peRoJpXYYlp+SaN8SHDjnUGty88J4GNGOkg6myihoZt2usjGyvRpVCO9z0n19oMisFkJbSld4Jg==",
      "dev": true
    }
  }
}
